
Microsoft Visual Studio Solution File, Format Version 12.00
# Visual Studio Version 17
VisualStudioVersion = 17.7.34024.191
MinimumVisualStudioVersion = 10.0.40219.1
Project("{9A19103F-16F7-4668-BE54-9A1E7A4F7556}") = "ParcialSUBE", "ParcialSUBE.csproj", "{9B1D8D51-4467-45C2-B8BB-D3A2BC80CECD}"
EndProject
Project("{9A19103F-16F7-4668-BE54-9A1E7A4F7556}") = "PARCIALSUBEE", "..\PARCIALSUBEE\PARCIALSUBEE.csproj", "{1BDE03C2-F61A-4BCF-8F1E-915FC678C707}"
	ProjectSection(ProjectDependencies) = postProject
		{9B1D8D51-4467-45C2-B8BB-D3A2BC80CECD} = {9B1D8D51-4467-45C2-B8BB-D3A2BC80CECD}
	EndProjectSection
EndProject
Project("{FAE04EC0-301F-11D3-BF4B-00C04F79EFBC}") = "Parcial1Sube", "..\..\►\Cursada_C_SHARP\EjerciciosCursada\Parcial1Sube\Parcial1Sube.csproj", "{C49A95C3-39D4-4A5F-A314-FB1283ADE9BF}"
EndProject
Global
	GlobalSection(SolutionConfigurationPlatforms) = preSolution
		Debug|Any CPU = Debug|Any CPU
		Release|Any CPU = Release|Any CPU
	EndGlobalSection
	GlobalSection(ProjectConfigurationPlatforms) = postSolution
		{9B1D8D51-4467-45C2-B8BB-D3A2BC80CECD}.Debug|Any CPU.ActiveCfg = Debug|Any CPU
		{9B1D8D51-4467-45C2-B8BB-D3A2BC80CECD}.Debug|Any CPU.Build.0 = Debug|Any CPU
		{9B1D8D51-4467-45C2-B8BB-D3A2BC80CECD}.Release|Any CPU.ActiveCfg = Release|Any CPU
		{9B1D8D51-4467-45C2-B8BB-D3A2BC80CECD}.Release|Any CPU.Build.0 = Release|Any CPU
		{1BDE03C2-F61A-4BCF-8F1E-915FC678C707}.Debug|Any CPU.ActiveCfg = Debug|Any CPU
		{1BDE03C2-F61A-4BCF-8F1E-915FC678C707}.Debug|Any CPU.Build.0 = Debug|Any CPU
		{1BDE03C2-F61A-4BCF-8F1E-915FC678C707}.Release|Any CPU.ActiveCfg = Release|Any CPU
		{1BDE03C2-F61A-4BCF-8F1E-915FC678C707}.Release|Any CPU.Build.0 = Release|Any CPU
		{C49A95C3-39D4-4A5F-A314-FB1283ADE9BF}.Debug|Any CPU.ActiveCfg = Debug|Any CPU
		{C49A95C3-39D4-4A5F-A314-FB1283ADE9BF}.Debug|Any CPU.Build.0 = Debug|Any CPU
		{C49A95C3-39D4-4A5F-A314-FB1283ADE9BF}.Release|Any CPU.ActiveCfg = Release|Any CPU
		{C49A95C3-39D4-4A5F-A314-FB1283ADE9BF}.Release|Any CPU.Build.0 = Release|Any CPU
	EndGlobalSection
	GlobalSection(SolutionProperties) = preSolution
		HideSolutionNode = FALSE
	EndGlobalSection
	GlobalSection(ExtensibilityGlobals) = postSolution
		SolutionGuid = {BD2CC213-2A6C-486C-93A5-38C3B7AF7440}
	EndGlobalSection
EndGlobal
